// !$*UTF8*$!
{
	archiveVersion = 1;
	classes = {
	};
	objectVersion = 48;
	objects = {

/* Begin PBXBuildFile section */
		15201D0B821D4E160F67D5A5 /* Pods_SocialApp.framework in Frameworks */ = {isa = PBXBuildFile; fileRef = 2FB67AE87370B579F7C12F92 /* Pods_SocialApp.framework */; };
		2553155A202F5BFC004B0D3D /* OwnDateFormat.swift in Sources */ = {isa = PBXBuildFile; fileRef = 25531559202F5BFC004B0D3D /* OwnDateFormat.swift */; };
		258F16232029D9B9001824FB /* AppDelegate.swift in Sources */ = {isa = PBXBuildFile; fileRef = 258F16222029D9B9001824FB /* AppDelegate.swift */; };
		258F16252029D9B9001824FB /* HomeViewController.swift in Sources */ = {isa = PBXBuildFile; fileRef = 258F16242029D9B9001824FB /* HomeViewController.swift */; };
		258F16282029D9B9001824FB /* Main.storyboard in Resources */ = {isa = PBXBuildFile; fileRef = 258F16262029D9B9001824FB /* Main.storyboard */; };
		258F162A2029D9B9001824FB /* Assets.xcassets in Resources */ = {isa = PBXBuildFile; fileRef = 258F16292029D9B9001824FB /* Assets.xcassets */; };
		258F162D2029D9B9001824FB /* LaunchScreen.storyboard in Resources */ = {isa = PBXBuildFile; fileRef = 258F162B2029D9B9001824FB /* LaunchScreen.storyboard */; };
		258F16382029D9B9001824FB /* SocialAppTests.swift in Sources */ = {isa = PBXBuildFile; fileRef = 258F16372029D9B9001824FB /* SocialAppTests.swift */; };
		258F16432029DAA3001824FB /* GoogleService-Info.plist in Resources */ = {isa = PBXBuildFile; fileRef = 258F16422029DAA3001824FB /* GoogleService-Info.plist */; };
		258F16472029E462001824FB /* UIViewForCreatingNSLayoutContraints.swift in Sources */ = {isa = PBXBuildFile; fileRef = 258F16462029E462001824FB /* UIViewForCreatingNSLayoutContraints.swift */; };
		258F164A2029E4F0001824FB /* DataService.swift in Sources */ = {isa = PBXBuildFile; fileRef = 258F16492029E4F0001824FB /* DataService.swift */; };
		258F164C2029E777001824FB /* AuthViewController.swift in Sources */ = {isa = PBXBuildFile; fileRef = 258F164B2029E777001824FB /* AuthViewController.swift */; };
		258F164F2029FBE4001824FB /* Constants.swift in Sources */ = {isa = PBXBuildFile; fileRef = 258F164E2029FBE4001824FB /* Constants.swift */; };
		258F1654202A0C6D001824FB /* AuthService.swift in Sources */ = {isa = PBXBuildFile; fileRef = 258F1653202A0C6D001824FB /* AuthService.swift */; };
		258F1656202A0CBD001824FB /* RegisterViewController.swift in Sources */ = {isa = PBXBuildFile; fileRef = 258F1655202A0CBD001824FB /* RegisterViewController.swift */; };
		258F1658202A0E64001824FB /* UIViewControllerPresentExtension.swift in Sources */ = {isa = PBXBuildFile; fileRef = 258F1657202A0E64001824FB /* UIViewControllerPresentExtension.swift */; };
		7909A920FC2AC3852DFA1A14 /* Pods_SocialAppTests.framework in Frameworks */ = {isa = PBXBuildFile; fileRef = F7BB94C7B95177532FB1AAAD /* Pods_SocialAppTests.framework */; };
/* End PBXBuildFile section */

/* Begin PBXContainerItemProxy section */
		258F16342029D9B9001824FB /* PBXContainerItemProxy */ = {
			isa = PBXContainerItemProxy;
			containerPortal = 258F16172029D9B9001824FB /* Project object */;
			proxyType = 1;
			remoteGlobalIDString = 258F161E2029D9B9001824FB;
			remoteInfo = SocialApp;
		};
/* End PBXContainerItemProxy section */

/* Begin PBXFileReference section */
		0116B7186547E057B5A3B253 /* Pods-SocialApp.debug.xcconfig */ = {isa = PBXFileReference; includeInIndex = 1; lastKnownFileType = text.xcconfig; name = "Pods-SocialApp.debug.xcconfig"; path = "Pods/Target Support Files/Pods-SocialApp/Pods-SocialApp.debug.xcconfig"; sourceTree = "<group>"; };
		25531559202F5BFC004B0D3D /* OwnDateFormat.swift */ = {isa = PBXFileReference; lastKnownFileType = sourcecode.swift; path = OwnDateFormat.swift; sourceTree = "<group>"; };
		258F161F2029D9B9001824FB /* SocialApp.app */ = {isa = PBXFileReference; explicitFileType = wrapper.application; includeInIndex = 0; path = SocialApp.app; sourceTree = BUILT_PRODUCTS_DIR; };
		258F16222029D9B9001824FB /* AppDelegate.swift */ = {isa = PBXFileReference; lastKnownFileType = sourcecode.swift; path = AppDelegate.swift; sourceTree = "<group>"; };
		258F16242029D9B9001824FB /* HomeViewController.swift */ = {isa = PBXFileReference; lastKnownFileType = sourcecode.swift; path = HomeViewController.swift; sourceTree = "<group>"; };
		258F16272029D9B9001824FB /* Base */ = {isa = PBXFileReference; lastKnownFileType = file.storyboard; name = Base; path = Base.lproj/Main.storyboard; sourceTree = "<group>"; };
		258F16292029D9B9001824FB /* Assets.xcassets */ = {isa = PBXFileReference; lastKnownFileType = folder.assetcatalog; path = Assets.xcassets; sourceTree = "<group>"; };
		258F162C2029D9B9001824FB /* Base */ = {isa = PBXFileReference; lastKnownFileType = file.storyboard; name = Base; path = Base.lproj/LaunchScreen.storyboard; sourceTree = "<group>"; };
		258F162E2029D9B9001824FB /* Info.plist */ = {isa = PBXFileReference; lastKnownFileType = text.plist.xml; path = Info.plist; sourceTree = "<group>"; };
		258F16332029D9B9001824FB /* SocialAppTests.xctest */ = {isa = PBXFileReference; explicitFileType = wrapper.cfbundle; includeInIndex = 0; path = SocialAppTests.xctest; sourceTree = BUILT_PRODUCTS_DIR; };
		258F16372029D9B9001824FB /* SocialAppTests.swift */ = {isa = PBXFileReference; lastKnownFileType = sourcecode.swift; path = SocialAppTests.swift; sourceTree = "<group>"; };
		258F16392029D9B9001824FB /* Info.plist */ = {isa = PBXFileReference; lastKnownFileType = text.plist.xml; path = Info.plist; sourceTree = "<group>"; };
		258F16422029DAA3001824FB /* GoogleService-Info.plist */ = {isa = PBXFileReference; fileEncoding = 4; lastKnownFileType = text.plist.xml; path = "GoogleService-Info.plist"; sourceTree = "<group>"; };
		258F16462029E462001824FB /* UIViewForCreatingNSLayoutContraints.swift */ = {isa = PBXFileReference; lastKnownFileType = sourcecode.swift; path = UIViewForCreatingNSLayoutContraints.swift; sourceTree = "<group>"; };
		258F16492029E4F0001824FB /* DataService.swift */ = {isa = PBXFileReference; lastKnownFileType = sourcecode.swift; path = DataService.swift; sourceTree = "<group>"; };
		258F164B2029E777001824FB /* AuthViewController.swift */ = {isa = PBXFileReference; lastKnownFileType = sourcecode.swift; path = AuthViewController.swift; sourceTree = "<group>"; };
		258F164E2029FBE4001824FB /* Constants.swift */ = {isa = PBXFileReference; lastKnownFileType = sourcecode.swift; path = Constants.swift; sourceTree = "<group>"; };
		258F1653202A0C6D001824FB /* AuthService.swift */ = {isa = PBXFileReference; lastKnownFileType = sourcecode.swift; path = AuthService.swift; sourceTree = "<group>"; };
		258F1655202A0CBD001824FB /* RegisterViewController.swift */ = {isa = PBXFileReference; lastKnownFileType = sourcecode.swift; path = RegisterViewController.swift; sourceTree = "<group>"; };
		258F1657202A0E64001824FB /* UIViewControllerPresentExtension.swift */ = {isa = PBXFileReference; lastKnownFileType = sourcecode.swift; path = UIViewControllerPresentExtension.swift; sourceTree = "<group>"; };
		2FB67AE87370B579F7C12F92 /* Pods_SocialApp.framework */ = {isa = PBXFileReference; explicitFileType = wrapper.framework; includeInIndex = 0; path = Pods_SocialApp.framework; sourceTree = BUILT_PRODUCTS_DIR; };
		3AAA2CD96D54596EDFB2EA9C /* Pods-SocialAppTests.release.xcconfig */ = {isa = PBXFileReference; includeInIndex = 1; lastKnownFileType = text.xcconfig; name = "Pods-SocialAppTests.release.xcconfig"; path = "Pods/Target Support Files/Pods-SocialAppTests/Pods-SocialAppTests.release.xcconfig"; sourceTree = "<group>"; };
		55D8151E8210BB5D28480C28 /* Pods-SocialApp.release.xcconfig */ = {isa = PBXFileReference; includeInIndex = 1; lastKnownFileType = text.xcconfig; name = "Pods-SocialApp.release.xcconfig"; path = "Pods/Target Support Files/Pods-SocialApp/Pods-SocialApp.release.xcconfig"; sourceTree = "<group>"; };
		C3DB975C33FCF63B1C875064 /* Pods-SocialAppTests.debug.xcconfig */ = {isa = PBXFileReference; includeInIndex = 1; lastKnownFileType = text.xcconfig; name = "Pods-SocialAppTests.debug.xcconfig"; path = "Pods/Target Support Files/Pods-SocialAppTests/Pods-SocialAppTests.debug.xcconfig"; sourceTree = "<group>"; };
		F7BB94C7B95177532FB1AAAD /* Pods_SocialAppTests.framework */ = {isa = PBXFileReference; explicitFileType = wrapper.framework; includeInIndex = 0; path = Pods_SocialAppTests.framework; sourceTree = BUILT_PRODUCTS_DIR; };
/* End PBXFileReference section */

/* Begin PBXFrameworksBuildPhase section */
		258F161C2029D9B9001824FB /* Frameworks */ = {
			isa = PBXFrameworksBuildPhase;
			buildActionMask = 2147483647;
			files = (
				15201D0B821D4E160F67D5A5 /* Pods_SocialApp.framework in Frameworks */,
			);
			runOnlyForDeploymentPostprocessing = 0;
		};
		258F16302029D9B9001824FB /* Frameworks */ = {
			isa = PBXFrameworksBuildPhase;
			buildActionMask = 2147483647;
			files = (
				7909A920FC2AC3852DFA1A14 /* Pods_SocialAppTests.framework in Frameworks */,
			);
			runOnlyForDeploymentPostprocessing = 0;
		};
/* End PBXFrameworksBuildPhase section */

/* Begin PBXGroup section */
		22F4086E23AF482F8C7A9468 /* Pods */ = {
			isa = PBXGroup;
			children = (
				0116B7186547E057B5A3B253 /* Pods-SocialApp.debug.xcconfig */,
				55D8151E8210BB5D28480C28 /* Pods-SocialApp.release.xcconfig */,
				C3DB975C33FCF63B1C875064 /* Pods-SocialAppTests.debug.xcconfig */,
				3AAA2CD96D54596EDFB2EA9C /* Pods-SocialAppTests.release.xcconfig */,
			);
			name = Pods;
			sourceTree = "<group>";
		};
		258F16162029D9B9001824FB = {
			isa = PBXGroup;
			children = (
				258F16212029D9B9001824FB /* SocialApp */,
				258F16362029D9B9001824FB /* SocialAppTests */,
				258F16202029D9B9001824FB /* Products */,
				22F4086E23AF482F8C7A9468 /* Pods */,
				5BCD1B73FF9A360BAB5E1F19 /* Frameworks */,
			);
			sourceTree = "<group>";
		};
		258F16202029D9B9001824FB /* Products */ = {
			isa = PBXGroup;
			children = (
				258F161F2029D9B9001824FB /* SocialApp.app */,
				258F16332029D9B9001824FB /* SocialAppTests.xctest */,
			);
			name = Products;
			sourceTree = "<group>";
		};
		258F16212029D9B9001824FB /* SocialApp */ = {
			isa = PBXGroup;
			children = (
				258F164D2029FBB3001824FB /* Constants */,
				258F16482029E4E2001824FB /* Services */,
				258F16452029E3F2001824FB /* Extensions */,
				258F16442029DBCA001824FB /* Controllers */,
				258F1650202A0A2E001824FB /* View */,
				258F16222029D9B9001824FB /* AppDelegate.swift */,
				258F16262029D9B9001824FB /* Main.storyboard */,
				258F16292029D9B9001824FB /* Assets.xcassets */,
				258F162B2029D9B9001824FB /* LaunchScreen.storyboard */,
				258F162E2029D9B9001824FB /* Info.plist */,
				258F16422029DAA3001824FB /* GoogleService-Info.plist */,
			);
			path = SocialApp;
			sourceTree = "<group>";
		};
		258F16362029D9B9001824FB /* SocialAppTests */ = {
			isa = PBXGroup;
			children = (
				258F16372029D9B9001824FB /* SocialAppTests.swift */,
				258F16392029D9B9001824FB /* Info.plist */,
			);
			path = SocialAppTests;
			sourceTree = "<group>";
		};
		258F16442029DBCA001824FB /* Controllers */ = {
			isa = PBXGroup;
			children = (
				258F16242029D9B9001824FB /* HomeViewController.swift */,
				258F164B2029E777001824FB /* AuthViewController.swift */,
				258F1655202A0CBD001824FB /* RegisterViewController.swift */,
			);
			path = Controllers;
			sourceTree = "<group>";
		};
		258F16452029E3F2001824FB /* Extensions */ = {
			isa = PBXGroup;
			children = (
				258F16462029E462001824FB /* UIViewForCreatingNSLayoutContraints.swift */,
				258F1657202A0E64001824FB /* UIViewControllerPresentExtension.swift */,
				25531559202F5BFC004B0D3D /* OwnDateFormat.swift */,
			);
			path = Extensions;
			sourceTree = "<group>";
		};
		258F16482029E4E2001824FB /* Services */ = {
			isa = PBXGroup;
			children = (
				258F16492029E4F0001824FB /* DataService.swift */,
				258F1653202A0C6D001824FB /* AuthService.swift */,
			);
			path = Services;
			sourceTree = "<group>";
		};
		258F164D2029FBB3001824FB /* Constants */ = {
			isa = PBXGroup;
			children = (
				258F164E2029FBE4001824FB /* Constants.swift */,
			);
			path = Constants;
			sourceTree = "<group>";
		};
		258F1650202A0A2E001824FB /* View */ = {
			isa = PBXGroup;
			children = (
			);
			path = View;
			sourceTree = "<group>";
		};
		5BCD1B73FF9A360BAB5E1F19 /* Frameworks */ = {
			isa = PBXGroup;
			children = (
				2FB67AE87370B579F7C12F92 /* Pods_SocialApp.framework */,
				F7BB94C7B95177532FB1AAAD /* Pods_SocialAppTests.framework */,
			);
			name = Frameworks;
			sourceTree = "<group>";
		};
/* End PBXGroup section */

/* Begin PBXNativeTarget section */
		258F161E2029D9B9001824FB /* SocialApp */ = {
			isa = PBXNativeTarget;
			buildConfigurationList = 258F163C2029D9B9001824FB /* Build configuration list for PBXNativeTarget "SocialApp" */;
			buildPhases = (
				29D05A7B193C570ED6161461 /* [CP] Check Pods Manifest.lock */,
				258F161B2029D9B9001824FB /* Sources */,
				258F161C2029D9B9001824FB /* Frameworks */,
				258F161D2029D9B9001824FB /* Resources */,
				A6741D140BB188C0F5E7B2DC /* [CP] Embed Pods Frameworks */,
				8437589152D2D6F7E382862E /* [CP] Copy Pods Resources */,
			);
			buildRules = (
			);
			dependencies = (
			);
			name = SocialApp;
			productName = SocialApp;
			productReference = 258F161F2029D9B9001824FB /* SocialApp.app */;
			productType = "com.apple.product-type.application";
		};
		258F16322029D9B9001824FB /* SocialAppTests */ = {
			isa = PBXNativeTarget;
			buildConfigurationList = 258F163F2029D9B9001824FB /* Build configuration list for PBXNativeTarget "SocialAppTests" */;
			buildPhases = (
				974B4E6A4CD400DF0D848ADA /* [CP] Check Pods Manifest.lock */,
				258F162F2029D9B9001824FB /* Sources */,
				258F16302029D9B9001824FB /* Frameworks */,
				258F16312029D9B9001824FB /* Resources */,
				DD85EE91A8E283065E4F0393 /* [CP] Embed Pods Frameworks */,
				7CD9976F9059489A4A0B8FEA /* [CP] Copy Pods Resources */,
			);
			buildRules = (
			);
			dependencies = (
				258F16352029D9B9001824FB /* PBXTargetDependency */,
			);
			name = SocialAppTests;
			productName = SocialAppTests;
			productReference = 258F16332029D9B9001824FB /* SocialAppTests.xctest */;
			productType = "com.apple.product-type.bundle.unit-test";
		};
/* End PBXNativeTarget section */

/* Begin PBXProject section */
		258F16172029D9B9001824FB /* Project object */ = {
			isa = PBXProject;
			attributes = {
				KnownAssetTags = (
					com.apple.gamecenter.Leaderboard,
				);
				LastSwiftUpdateCheck = 0920;
				LastUpgradeCheck = 0920;
				ORGANIZATIONNAME = "Bartosz Pawełczyk";
				TargetAttributes = {
					258F161E2029D9B9001824FB = {
						CreatedOnToolsVersion = 9.2;
						ProvisioningStyle = Automatic;
					};
					258F16322029D9B9001824FB = {
						CreatedOnToolsVersion = 9.2;
						ProvisioningStyle = Automatic;
						TestTargetID = 258F161E2029D9B9001824FB;
					};
				};
			};
			buildConfigurationList = 258F161A2029D9B9001824FB /* Build configuration list for PBXProject "SocialApp" */;
			compatibilityVersion = "Xcode 8.0";
			developmentRegion = en;
			hasScannedForEncodings = 0;
			knownRegions = (
				en,
				Base,
			);
			mainGroup = 258F16162029D9B9001824FB;
			productRefGroup = 258F16202029D9B9001824FB /* Products */;
			projectDirPath = "";
			projectRoot = "";
			targets = (
				258F161E2029D9B9001824FB /* SocialApp */,
				258F16322029D9B9001824FB /* SocialAppTests */,
			);
		};
/* End PBXProject section */

/* Begin PBXResourcesBuildPhase section */
		258F161D2029D9B9001824FB /* Resources */ = {
			isa = PBXResourcesBuildPhase;
			buildActionMask = 2147483647;
			files = (
				258F162D2029D9B9001824FB /* LaunchScreen.storyboard in Resources */,
				258F16432029DAA3001824FB /* GoogleService-Info.plist in Resources */,
				258F162A2029D9B9001824FB /* Assets.xcassets in Resources */,
				258F16282029D9B9001824FB /* Main.storyboard in Resources */,
			);
			runOnlyForDeploymentPostprocessing = 0;
		};
		258F16312029D9B9001824FB /* Resources */ = {
			isa = PBXResourcesBuildPhase;
			buildActionMask = 2147483647;
			files = (
			);
			runOnlyForDeploymentPostprocessing = 0;
		};
/* End PBXResourcesBuildPhase section */

/* Begin PBXShellScriptBuildPhase section */
		29D05A7B193C570ED6161461 /* [CP] Check Pods Manifest.lock */ = {
			isa = PBXShellScriptBuildPhase;
			buildActionMask = 2147483647;
			files = (
			);
			inputPaths = (
				"${PODS_PODFILE_DIR_PATH}/Podfile.lock",
				"${PODS_ROOT}/Manifest.lock",
			);
			name = "[CP] Check Pods Manifest.lock";
			outputPaths = (
				"$(DERIVED_FILE_DIR)/Pods-SocialApp-checkManifestLockResult.txt",
			);
			runOnlyForDeploymentPostprocessing = 0;
			shellPath = /bin/sh;
			shellScript = "diff \"${PODS_PODFILE_DIR_PATH}/Podfile.lock\" \"${PODS_ROOT}/Manifest.lock\" > /dev/null\nif [ $? != 0 ] ; then\n    # print error to STDERR\n    echo \"error: The sandbox is not in sync with the Podfile.lock. Run 'pod install' or update your CocoaPods installation.\" >&2\n    exit 1\nfi\n# This output is used by Xcode 'outputs' to avoid re-running this script phase.\necho \"SUCCESS\" > \"${SCRIPT_OUTPUT_FILE_0}\"\n";
			showEnvVarsInLog = 0;
		};
		7CD9976F9059489A4A0B8FEA /* [CP] Copy Pods Resources */ = {
			isa = PBXShellScriptBuildPhase;
			buildActionMask = 2147483647;
			files = (
			);
			inputPaths = (
			);
			name = "[CP] Copy Pods Resources";
			outputPaths = (
			);
			runOnlyForDeploymentPostprocessing = 0;
			shellPath = /bin/sh;
			shellScript = "\"${SRCROOT}/Pods/Target Support Files/Pods-SocialAppTests/Pods-SocialAppTests-resources.sh\"\n";
			showEnvVarsInLog = 0;
		};
		8437589152D2D6F7E382862E /* [CP] Copy Pods Resources */ = {
			isa = PBXShellScriptBuildPhase;
			buildActionMask = 2147483647;
			files = (
			);
			inputPaths = (
			);
			name = "[CP] Copy Pods Resources";
			outputPaths = (
			);
			runOnlyForDeploymentPostprocessing = 0;
			shellPath = /bin/sh;
			shellScript = "\"${SRCROOT}/Pods/Target Support Files/Pods-SocialApp/Pods-SocialApp-resources.sh\"\n";
			showEnvVarsInLog = 0;
		};
		974B4E6A4CD400DF0D848ADA /* [CP] Check Pods Manifest.lock */ = {
			isa = PBXShellScriptBuildPhase;
			buildActionMask = 2147483647;
			files = (
			);
			inputPaths = (
				"${PODS_PODFILE_DIR_PATH}/Podfile.lock",
				"${PODS_ROOT}/Manifest.lock",
			);
			name = "[CP] Check Pods Manifest.lock";
			outputPaths = (
				"$(DERIVED_FILE_DIR)/Pods-SocialAppTests-checkManifestLockResult.txt",
			);
			runOnlyForDeploymentPostprocessing = 0;
			shellPath = /bin/sh;
			shellScript = "diff \"${PODS_PODFILE_DIR_PATH}/Podfile.lock\" \"${PODS_ROOT}/Manifest.lock\" > /dev/null\nif [ $? != 0 ] ; then\n    # print error to STDERR\n    echo \"error: The sandbox is not in sync with the Podfile.lock. Run 'pod install' or update your CocoaPods installation.\" >&2\n    exit 1\nfi\n# This output is used by Xcode 'outputs' to avoid re-running this script phase.\necho \"SUCCESS\" > \"${SCRIPT_OUTPUT_FILE_0}\"\n";
			showEnvVarsInLog = 0;
		};
		A6741D140BB188C0F5E7B2DC /* [CP] Embed Pods Frameworks */ = {
			isa = PBXShellScriptBuildPhase;
			buildActionMask = 2147483647;
			files = (
			);
			inputPaths = (
				"${SRCROOT}/Pods/Target Support Files/Pods-SocialApp/Pods-SocialApp-frameworks.sh",
				"${BUILT_PRODUCTS_DIR}/ABSteppedProgressBar/ABSteppedProgressBar.framework",
				"${BUILT_PRODUCTS_DIR}/DLRadioButton/DLRadioButton.framework",
				"${BUILT_PRODUCTS_DIR}/GTMSessionFetcher/GTMSessionFetcher.framework",
				"${BUILT_PRODUCTS_DIR}/GoogleToolboxForMac/GoogleToolboxForMac.framework",
				"${BUILT_PRODUCTS_DIR}/SVProgressHUD/SVProgressHUD.framework",
				"${BUILT_PRODUCTS_DIR}/leveldb-library/leveldb.framework",
				"${BUILT_PRODUCTS_DIR}/nanopb/nanopb.framework",
			);
			name = "[CP] Embed Pods Frameworks";
			outputPaths = (
				"${TARGET_BUILD_DIR}/${FRAMEWORKS_FOLDER_PATH}/ABSteppedProgressBar.framework",
				"${TARGET_BUILD_DIR}/${FRAMEWORKS_FOLDER_PATH}/DLRadioButton.framework",
				"${TARGET_BUILD_DIR}/${FRAMEWORKS_FOLDER_PATH}/GTMSessionFetcher.framework",
				"${TARGET_BUILD_DIR}/${FRAMEWORKS_FOLDER_PATH}/GoogleToolboxForMac.framework",
				"${TARGET_BUILD_DIR}/${FRAMEWORKS_FOLDER_PATH}/SVProgressHUD.framework",
				"${TARGET_BUILD_DIR}/${FRAMEWORKS_FOLDER_PATH}/leveldb.framework",
				"${TARGET_BUILD_DIR}/${FRAMEWORKS_FOLDER_PATH}/nanopb.framework",
			);
			runOnlyForDeploymentPostprocessing = 0;
			shellPath = /bin/sh;
			shellScript = "\"${SRCROOT}/Pods/Target Support Files/Pods-SocialApp/Pods-SocialApp-frameworks.sh\"\n";
			showEnvVarsInLog = 0;
		};
		DD85EE91A8E283065E4F0393 /* [CP] Embed Pods Frameworks */ = {
			isa = PBXShellScriptBuildPhase;
			buildActionMask = 2147483647;
			files = (
			);
			inputPaths = (
			);
			name = "[CP] Embed Pods Frameworks";
			outputPaths = (
			);
			runOnlyForDeploymentPostprocessing = 0;
			shellPath = /bin/sh;
			shellScript = "\"${SRCROOT}/Pods/Target Support Files/Pods-SocialAppTests/Pods-SocialAppTests-frameworks.sh\"\n";
			showEnvVarsInLog = 0;
		};
/* End PBXShellScriptBuildPhase section */

/* Begin PBXSourcesBuildPhase section */
		258F161B2029D9B9001824FB /* Sources */ = {
			isa = PBXSourcesBuildPhase;
			buildActionMask = 2147483647;
			files = (
				258F16472029E462001824FB /* UIViewForCreatingNSLayoutContraints.swift in Sources */,
				258F16252029D9B9001824FB /* HomeViewController.swift in Sources */,
				258F164C2029E777001824FB /* AuthViewController.swift in Sources */,
				258F1658202A0E64001824FB /* UIViewControllerPresentExtension.swift in Sources */,
				2553155A202F5BFC004B0D3D /* OwnDateFormat.swift in Sources */,
				258F1656202A0CBD001824FB /* RegisterViewController.swift in Sources */,
				258F16232029D9B9001824FB /* AppDelegate.swift in Sources */,
				258F164A2029E4F0001824FB /* DataService.swift in Sources */,
				258F164F2029FBE4001824FB /* Constants.swift in Sources */,
				258F1654202A0C6D001824FB /* AuthService.swift in Sources */,
			);
			runOnlyForDeploymentPostprocessing = 0;
		};
		258F162F2029D9B9001824FB /* Sources */ = {
			isa = PBXSourcesBuildPhase;
			buildActionMask = 2147483647;
			files = (
				258F16382029D9B9001824FB /* SocialAppTests.swift in Sources */,
			);
			runOnlyForDeploymentPostprocessing = 0;
		};
/* End PBXSourcesBuildPhase section */

/* Begin PBXTargetDependency section */
		258F16352029D9B9001824FB /* PBXTargetDependency */ = {
			isa = PBXTargetDependency;
			target = 258F161E2029D9B9001824FB /* SocialApp */;
			targetProxy = 258F16342029D9B9001824FB /* PBXContainerItemProxy */;
		};
/* End PBXTargetDependency section */

/* Begin PBXVariantGroup section */
		258F16262029D9B9001824FB /* Main.storyboard */ = {
			isa = PBXVariantGroup;
			children = (
				258F16272029D9B9001824FB /* Base */,
			);
			name = Main.storyboard;
			sourceTree = "<group>";
		};
		258F162B2029D9B9001824FB /* LaunchScreen.storyboard */ = {
			isa = PBXVariantGroup;
			children = (
				258F162C2029D9B9001824FB /* Base */,
			);
			name = LaunchScreen.storyboard;
			sourceTree = "<group>";
		};
/* End PBXVariantGroup section */

/* Begin XCBuildConfiguration section */
		258F163A2029D9B9001824FB /* Debug */ = {
			isa = XCBuildConfiguration;
			buildSettings = {
				ALWAYS_SEARCH_USER_PATHS = NO;
				CLANG_ANALYZER_NONNULL = YES;
				CLANG_ANALYZER_NUMBER_OBJECT_CONVERSION = YES_AGGRESSIVE;
				CLANG_CXX_LANGUAGE_STANDARD = "gnu++14";
				CLANG_CXX_LIBRARY = "libc++";
				CLANG_ENABLE_MODULES = YES;
				CLANG_ENABLE_OBJC_ARC = YES;
				CLANG_WARN_BLOCK_CAPTURE_AUTORELEASING = YES;
				CLANG_WARN_BOOL_CONVERSION = YES;
				CLANG_WARN_COMMA = YES;
				CLANG_WARN_CONSTANT_CONVERSION = YES;
				CLANG_WARN_DIRECT_OBJC_ISA_USAGE = YES_ERROR;
				CLANG_WARN_DOCUMENTATION_COMMENTS = YES;
				CLANG_WARN_EMPTY_BODY = YES;
				CLANG_WARN_ENUM_CONVERSION = YES;
				CLANG_WARN_INFINITE_RECURSION = YES;
				CLANG_WARN_INT_CONVERSION = YES;
				CLANG_WARN_NON_LITERAL_NULL_CONVERSION = YES;
				CLANG_WARN_OBJC_LITERAL_CONVERSION = YES;
				CLANG_WARN_OBJC_ROOT_CLASS = YES_ERROR;
				CLANG_WARN_RANGE_LOOP_ANALYSIS = YES;
				CLANG_WARN_STRICT_PROTOTYPES = YES;
				CLANG_WARN_SUSPICIOUS_MOVE = YES;
				CLANG_WARN_UNGUARDED_AVAILABILITY = YES_AGGRESSIVE;
				CLANG_WARN_UNREACHABLE_CODE = YES;
				CLANG_WARN__DUPLICATE_METHOD_MATCH = YES;
				CODE_SIGN_IDENTITY = "iPhone Developer";
				COPY_PHASE_STRIP = NO;
				DEBUG_INFORMATION_FORMAT = dwarf;
				ENABLE_STRICT_OBJC_MSGSEND = YES;
				ENABLE_TESTABILITY = YES;
				GCC_C_LANGUAGE_STANDARD = gnu11;
				GCC_DYNAMIC_NO_PIC = NO;
				GCC_NO_COMMON_BLOCKS = YES;
				GCC_OPTIMIZATION_LEVEL = 0;
				GCC_PREPROCESSOR_DEFINITIONS = (
					"DEBUG=1",
					"$(inherited)",
				);
				GCC_WARN_64_TO_32_BIT_CONVERSION = YES;
				GCC_WARN_ABOUT_RETURN_TYPE = YES_ERROR;
				GCC_WARN_UNDECLARED_SELECTOR = YES;
				GCC_WARN_UNINITIALIZED_AUTOS = YES_AGGRESSIVE;
				GCC_WARN_UNUSED_FUNCTION = YES;
				GCC_WARN_UNUSED_VARIABLE = YES;
				IPHONEOS_DEPLOYMENT_TARGET = 11.2;
				MTL_ENABLE_DEBUG_INFO = YES;
				ONLY_ACTIVE_ARCH = YES;
				SDKROOT = iphoneos;
				SWIFT_ACTIVE_COMPILATION_CONDITIONS = DEBUG;
				SWIFT_OPTIMIZATION_LEVEL = "-Onone";
			};
			name = Debug;
		};
		258F163B2029D9B9001824FB /* Release */ = {
			isa = XCBuildConfiguration;
			buildSettings = {
				ALWAYS_SEARCH_USER_PATHS = NO;
				CLANG_ANALYZER_NONNULL = YES;
				CLANG_ANALYZER_NUMBER_OBJECT_CONVERSION = YES_AGGRESSIVE;
				CLANG_CXX_LANGUAGE_STANDARD = "gnu++14";
				CLANG_CXX_LIBRARY = "libc++";
				CLANG_ENABLE_MODULES = YES;
				CLANG_ENABLE_OBJC_ARC = YES;
				CLANG_WARN_BLOCK_CAPTURE_AUTORELEASING = YES;
				CLANG_WARN_BOOL_CONVERSION = YES;
				CLANG_WARN_COMMA = YES;
				CLANG_WARN_CONSTANT_CONVERSION = YES;
				CLANG_WARN_DIRECT_OBJC_ISA_USAGE = YES_ERROR;
				CLANG_WARN_DOCUMENTATION_COMMENTS = YES;
				CLANG_WARN_EMPTY_BODY = YES;
				CLANG_WARN_ENUM_CONVERSION = YES;
				CLANG_WARN_INFINITE_RECURSION = YES;
				CLANG_WARN_INT_CONVERSION = YES;
				CLANG_WARN_NON_LITERAL_NULL_CONVERSION = YES;
				CLANG_WARN_OBJC_LITERAL_CONVERSION = YES;
				CLANG_WARN_OBJC_ROOT_CLASS = YES_ERROR;
				CLANG_WARN_RANGE_LOOP_ANALYSIS = YES;
				CLANG_WARN_STRICT_PROTOTYPES = YES;
				CLANG_WARN_SUSPICIOUS_MOVE = YES;
				CLANG_WARN_UNGUARDED_AVAILABILITY = YES_AGGRESSIVE;
				CLANG_WARN_UNREACHABLE_CODE = YES;
				CLANG_WARN__DUPLICATE_METHOD_MATCH = YES;
				CODE_SIGN_IDENTITY = "iPhone Developer";
				COPY_PHASE_STRIP = NO;
				DEBUG_INFORMATION_FORMAT = "dwarf-with-dsym";
				ENABLE_NS_ASSERTIONS = NO;
				ENABLE_STRICT_OBJC_MSGSEND = YES;
				GCC_C_LANGUAGE_STANDARD = gnu11;
				GCC_NO_COMMON_BLOCKS = YES;
				GCC_WARN_64_TO_32_BIT_CONVERSION = YES;
				GCC_WARN_ABOUT_RETURN_TYPE = YES_ERROR;
				GCC_WARN_UNDECLARED_SELECTOR = YES;
				GCC_WARN_UNINITIALIZED_AUTOS = YES_AGGRESSIVE;
				GCC_WARN_UNUSED_FUNCTION = YES;
				GCC_WARN_UNUSED_VARIABLE = YES;
				IPHONEOS_DEPLOYMENT_TARGET = 11.2;
				MTL_ENABLE_DEBUG_INFO = NO;
				SDKROOT = iphoneos;
				SWIFT_OPTIMIZATION_LEVEL = "-Owholemodule";
				VALIDATE_PRODUCT = YES;
			};
			name = Release;
		};
		258F163D2029D9B9001824FB /* Debug */ = {
			isa = XCBuildConfiguration;
			baseConfigurationReference = 0116B7186547E057B5A3B253 /* Pods-SocialApp.debug.xcconfig */;
			buildSettings = {
				ASSETCATALOG_COMPILER_APPICON_NAME = AppIcon;
				CODE_SIGN_STYLE = Automatic;
				DEVELOPMENT_TEAM = B49P7Y77SE;
				INFOPLIST_FILE = SocialApp/Info.plist;
				LD_RUNPATH_SEARCH_PATHS = "$(inherited) @executable_path/Frameworks";
				PRODUCT_BUNDLE_IDENTIFIER = pl.bartekpawelczyk.SocialApp;
				PRODUCT_NAME = "$(TARGET_NAME)";
				SWIFT_VERSION = 4.0;
				TARGETED_DEVICE_FAMILY = "1,2";
			};
			name = Debug;
		};
		258F163E2029D9B9001824FB /* Release */ = {
			isa = XCBuildConfiguration;
			baseConfigurationReference = 55D8151E8210BB5D28480C28 /* Pods-SocialApp.release.xcconfig */;
			buildSettings = {
				ASSETCATALOG_COMPILER_APPICON_NAME = AppIcon;
				CODE_SIGN_STYLE = Automatic;
				DEVELOPMENT_TEAM = B49P7Y77SE;
				INFOPLIST_FILE = SocialApp/Info.plist;
				LD_RUNPATH_SEARCH_PATHS = "$(inherited) @executable_path/Frameworks";
				PRODUCT_BUNDLE_IDENTIFIER = pl.bartekpawelczyk.SocialApp;
				PRODUCT_NAME = "$(TARGET_NAME)";
				SWIFT_VERSION = 4.0;
				TARGETED_DEVICE_FAMILY = "1,2";
			};
			name = Release;
		};
		258F16402029D9B9001824FB /* Debug */ = {
			isa = XCBuildConfiguration;
			baseConfigurationReference = C3DB975C33FCF63B1C875064 /* Pods-SocialAppTests.debug.xcconfig */;
			buildSettings = {
				ALWAYS_EMBED_SWIFT_STANDARD_LIBRARIES = YES;
				BUNDLE_LOADER = "$(TEST_HOST)";
				CODE_SIGN_STYLE = Automatic;
				DEVELOPMENT_TEAM = B49P7Y77SE;
				INFOPLIST_FILE = SocialAppTests/Info.plist;
				LD_RUNPATH_SEARCH_PATHS = "$(inherited) @executable_path/Frameworks @loader_path/Frameworks";
				PRODUCT_BUNDLE_IDENTIFIER = pl.bartekpawelczyk.SocialAppTests;
				PRODUCT_NAME = "$(TARGET_NAME)";
				SWIFT_VERSION = 4.0;
				TARGETED_DEVICE_FAMILY = "1,2";
				TEST_HOST = "$(BUILT_PRODUCTS_DIR)/SocialApp.app/SocialApp";
			};
			name = Debug;
		};
		258F16412029D9B9001824FB /* Release */ = {
			isa = XCBuildConfiguration;
			baseConfigurationReference = 3AAA2CD96D54596EDFB2EA9C /* Pods-SocialAppTests.release.xcconfig */;
			buildSettings = {
				ALWAYS_EMBED_SWIFT_STANDARD_LIBRARIES = YES;
				BUNDLE_LOADER = "$(TEST_HOST)";
				CODE_SIGN_STYLE = Automatic;
				DEVELOPMENT_TEAM = B49P7Y77SE;
				INFOPLIST_FILE = SocialAppTests/Info.plist;
				LD_RUNPATH_SEARCH_PATHS = "$(inherited) @executable_path/Frameworks @loader_path/Frameworks";
				PRODUCT_BUNDLE_IDENTIFIER = pl.bartekpawelczyk.SocialAppTests;
				PRODUCT_NAME = "$(TARGET_NAME)";
				SWIFT_VERSION = 4.0;
				TARGETED_DEVICE_FAMILY = "1,2";
				TEST_HOST = "$(BUILT_PRODUCTS_DIR)/SocialApp.app/SocialApp";
			};
			name = Release;
		};
/* End XCBuildConfiguration section */

/* Begin XCConfigurationList section */
		258F161A2029D9B9001824FB /* Build configuration list for PBXProject "SocialApp" */ = {
			isa = XCConfigurationList;
			buildConfigurations = (
				258F163A2029D9B9001824FB /* Debug */,
				258F163B2029D9B9001824FB /* Release */,
			);
			defaultConfigurationIsVisible = 0;
			defaultConfigurationName = Release;
		};
		258F163C2029D9B9001824FB /* Build configuration list for PBXNativeTarget "SocialApp" */ = {
			isa = XCConfigurationList;
			buildConfigurations = (
				258F163D2029D9B9001824FB /* Debug */,
				258F163E2029D9B9001824FB /* Release */,
			);
			defaultConfigurationIsVisible = 0;
			defaultConfigurationName = Release;
		};
		258F163F2029D9B9001824FB /* Build configuration list for PBXNativeTarget "SocialAppTests" */ = {
			isa = XCConfigurationList;
			buildConfigurations = (
				258F16402029D9B9001824FB /* Debug */,
				258F16412029D9B9001824FB /* Release */,
			);
			defaultConfigurationIsVisible = 0;
			defaultConfigurationName = Release;
		};
/* End XCConfigurationList section */
	};
	rootObject = 258F16172029D9B9001824FB /* Project object */;
}
