// !$*UTF8*$!
{
	archiveVersion = 1;
	classes = {
	};
	objectVersion = 48;
	objects = {

/* Begin PBXBuildFile section */
		258F16232029D9B9001824FB /* AppDelegate.swift in Sources */ = {isa = PBXBuildFile; fileRef = 258F16222029D9B9001824FB /* AppDelegate.swift */; };
		258F16252029D9B9001824FB /* ViewController.swift in Sources */ = {isa = PBXBuildFile; fileRef = 258F16242029D9B9001824FB /* ViewController.swift */; };
		258F16282029D9B9001824FB /* Main.storyboard in Resources */ = {isa = PBXBuildFile; fileRef = 258F16262029D9B9001824FB /* Main.storyboard */; };
		258F162A2029D9B9001824FB /* Assets.xcassets in Resources */ = {isa = PBXBuildFile; fileRef = 258F16292029D9B9001824FB /* Assets.xcassets */; };
		258F162D2029D9B9001824FB /* LaunchScreen.storyboard in Resources */ = {isa = PBXBuildFile; fileRef = 258F162B2029D9B9001824FB /* LaunchScreen.storyboard */; };
		258F16382029D9B9001824FB /* SocialAppTests.swift in Sources */ = {isa = PBXBuildFile; fileRef = 258F16372029D9B9001824FB /* SocialAppTests.swift */; };
/* End PBXBuildFile section */

/* Begin PBXContainerItemProxy section */
		258F16342029D9B9001824FB /* PBXContainerItemProxy */ = {
			isa = PBXContainerItemProxy;
			containerPortal = 258F16172029D9B9001824FB /* Project object */;
			proxyType = 1;
			remoteGlobalIDString = 258F161E2029D9B9001824FB;
			remoteInfo = SocialApp;
		};
/* End PBXContainerItemProxy section */

/* Begin PBXFileReference section */
		258F161F2029D9B9001824FB /* SocialApp.app */ = {isa = PBXFileReference; explicitFileType = wrapper.application; includeInIndex = 0; path = SocialApp.app; sourceTree = BUILT_PRODUCTS_DIR; };
		258F16222029D9B9001824FB /* AppDelegate.swift */ = {isa = PBXFileReference; lastKnownFileType = sourcecode.swift; path = AppDelegate.swift; sourceTree = "<group>"; };
		258F16242029D9B9001824FB /* ViewController.swift */ = {isa = PBXFileReference; lastKnownFileType = sourcecode.swift; path = ViewController.swift; sourceTree = "<group>"; };
		258F16272029D9B9001824FB /* Base */ = {isa = PBXFileReference; lastKnownFileType = file.storyboard; name = Base; path = Base.lproj/Main.storyboard; sourceTree = "<group>"; };
		258F16292029D9B9001824FB /* Assets.xcassets */ = {isa = PBXFileReference; lastKnownFileType = folder.assetcatalog; path = Assets.xcassets; sourceTree = "<group>"; };
		258F162C2029D9B9001824FB /* Base */ = {isa = PBXFileReference; lastKnownFileType = file.storyboard; name = Base; path = Base.lproj/LaunchScreen.storyboard; sourceTree = "<group>"; };
		258F162E2029D9B9001824FB /* Info.plist */ = {isa = PBXFileReference; lastKnownFileType = text.plist.xml; path = Info.plist; sourceTree = "<group>"; };
		258F16332029D9B9001824FB /* SocialAppTests.xctest */ = {isa = PBXFileReference; explicitFileType = wrapper.cfbundle; includeInIndex = 0; path = SocialAppTests.xctest; sourceTree = BUILT_PRODUCTS_DIR; };
		258F16372029D9B9001824FB /* SocialAppTests.swift */ = {isa = PBXFileReference; lastKnownFileType = sourcecode.swift; path = SocialAppTests.swift; sourceTree = "<group>"; };
		258F16392029D9B9001824FB /* Info.plist */ = {isa = PBXFileReference; lastKnownFileType = text.plist.xml; path = Info.plist; sourceTree = "<group>"; };
/* End PBXFileReference section */

/* Begin PBXFrameworksBuildPhase section */
		258F161C2029D9B9001824FB /* Frameworks */ = {
			isa = PBXFrameworksBuildPhase;
			buildActionMask = 2147483647;
			files = (
			);
			runOnlyForDeploymentPostprocessing = 0;
		};
		258F16302029D9B9001824FB /* Frameworks */ = {
			isa = PBXFrameworksBuildPhase;
			buildActionMask = 2147483647;
			files = (
			);
			runOnlyForDeploymentPostprocessing = 0;
		};
/* End PBXFrameworksBuildPhase section */

/* Begin PBXGroup section */
		258F16162029D9B9001824FB = {
			isa = PBXGroup;
			children = (
				258F16212029D9B9001824FB /* SocialApp */,
				258F16362029D9B9001824FB /* SocialAppTests */,
				258F16202029D9B9001824FB /* Products */,
			);
			sourceTree = "<group>";
		};
		258F16202029D9B9001824FB /* Products */ = {
			isa = PBXGroup;
			children = (
				258F161F2029D9B9001824FB /* SocialApp.app */,
				258F16332029D9B9001824FB /* SocialAppTests.xctest */,
			);
			name = Products;
			sourceTree = "<group>";
		};
		258F16212029D9B9001824FB /* SocialApp */ = {
			isa = PBXGroup;
			children = (
				258F16222029D9B9001824FB /* AppDelegate.swift */,
				258F16242029D9B9001824FB /* ViewController.swift */,
				258F16262029D9B9001824FB /* Main.storyboard */,
				258F16292029D9B9001824FB /* Assets.xcassets */,
				258F162B2029D9B9001824FB /* LaunchScreen.storyboard */,
				258F162E2029D9B9001824FB /* Info.plist */,
			);
			path = SocialApp;
			sourceTree = "<group>";
		};
		258F16362029D9B9001824FB /* SocialAppTests */ = {
			isa = PBXGroup;
			children = (
				258F16372029D9B9001824FB /* SocialAppTests.swift */,
				258F16392029D9B9001824FB /* Info.plist */,
			);
			path = SocialAppTests;
			sourceTree = "<group>";
		};
/* End PBXGroup section */

/* Begin PBXNativeTarget section */
		258F161E2029D9B9001824FB /* SocialApp */ = {
			isa = PBXNativeTarget;
			buildConfigurationList = 258F163C2029D9B9001824FB /* Build configuration list for PBXNativeTarget "SocialApp" */;
			buildPhases = (
				258F161B2029D9B9001824FB /* Sources */,
				258F161C2029D9B9001824FB /* Frameworks */,
				258F161D2029D9B9001824FB /* Resources */,
			);
			buildRules = (
			);
			dependencies = (
			);
			name = SocialApp;
			productName = SocialApp;
			productReference = 258F161F2029D9B9001824FB /* SocialApp.app */;
			productType = "com.apple.product-type.application";
		};
		258F16322029D9B9001824FB /* SocialAppTests */ = {
			isa = PBXNativeTarget;
			buildConfigurationList = 258F163F2029D9B9001824FB /* Build configuration list for PBXNativeTarget "SocialAppTests" */;
			buildPhases = (
				258F162F2029D9B9001824FB /* Sources */,
				258F16302029D9B9001824FB /* Frameworks */,
				258F16312029D9B9001824FB /* Resources */,
			);
			buildRules = (
			);
			dependencies = (
				258F16352029D9B9001824FB /* PBXTargetDependency */,
			);
			name = SocialAppTests;
			productName = SocialAppTests;
			productReference = 258F16332029D9B9001824FB /* SocialAppTests.xctest */;
			productType = "com.apple.product-type.bundle.unit-test";
		};
/* End PBXNativeTarget section */

/* Begin PBXProject section */
		258F16172029D9B9001824FB /* Project object */ = {
			isa = PBXProject;
			attributes = {
				LastSwiftUpdateCheck = 0920;
				LastUpgradeCheck = 0920;
				ORGANIZATIONNAME = "Bartosz Pawełczyk";
				TargetAttributes = {
					258F161E2029D9B9001824FB = {
						CreatedOnToolsVersion = 9.2;
						ProvisioningStyle = Automatic;
					};
					258F16322029D9B9001824FB = {
						CreatedOnToolsVersion = 9.2;
						ProvisioningStyle = Automatic;
						TestTargetID = 258F161E2029D9B9001824FB;
					};
				};
			};
			buildConfigurationList = 258F161A2029D9B9001824FB /* Build configuration list for PBXProject "SocialApp" */;
			compatibilityVersion = "Xcode 8.0";
			developmentRegion = en;
			hasScannedForEncodings = 0;
			knownRegions = (
				en,
				Base,
			);
			mainGroup = 258F16162029D9B9001824FB;
			productRefGroup = 258F16202029D9B9001824FB /* Products */;
			projectDirPath = "";
			projectRoot = "";
			targets = (
				258F161E2029D9B9001824FB /* SocialApp */,
				258F16322029D9B9001824FB /* SocialAppTests */,
			);
		};
/* End PBXProject section */

/* Begin PBXResourcesBuildPhase section */
		258F161D2029D9B9001824FB /* Resources */ = {
			isa = PBXResourcesBuildPhase;
			buildActionMask = 2147483647;
			files = (
				258F162D2029D9B9001824FB /* LaunchScreen.storyboard in Resources */,
				258F162A2029D9B9001824FB /* Assets.xcassets in Resources */,
				258F16282029D9B9001824FB /* Main.storyboard in Resources */,
			);
			runOnlyForDeploymentPostprocessing = 0;
		};
		258F16312029D9B9001824FB /* Resources */ = {
			isa = PBXResourcesBuildPhase;
			buildActionMask = 2147483647;
			files = (
			);
			runOnlyForDeploymentPostprocessing = 0;
		};
/* End PBXResourcesBuildPhase section */

/* Begin PBXSourcesBuildPhase section */
		258F161B2029D9B9001824FB /* Sources */ = {
			isa = PBXSourcesBuildPhase;
			buildActionMask = 2147483647;
			files = (
				258F16252029D9B9001824FB /* ViewController.swift in Sources */,
				258F16232029D9B9001824FB /* AppDelegate.swift in Sources */,
			);
			runOnlyForDeploymentPostprocessing = 0;
		};
		258F162F2029D9B9001824FB /* Sources */ = {
			isa = PBXSourcesBuildPhase;
			buildActionMask = 2147483647;
			files = (
				258F16382029D9B9001824FB /* SocialAppTests.swift in Sources */,
			);
			runOnlyForDeploymentPostprocessing = 0;
		};
/* End PBXSourcesBuildPhase section */

/* Begin PBXTargetDependency section */
		258F16352029D9B9001824FB /* PBXTargetDependency */ = {
			isa = PBXTargetDependency;
			target = 258F161E2029D9B9001824FB /* SocialApp */;
			targetProxy = 258F16342029D9B9001824FB /* PBXContainerItemProxy */;
		};
/* End PBXTargetDependency section */

/* Begin PBXVariantGroup section */
		258F16262029D9B9001824FB /* Main.storyboard */ = {
			isa = PBXVariantGroup;
			children = (
				258F16272029D9B9001824FB /* Base */,
			);
			name = Main.storyboard;
			sourceTree = "<group>";
		};
		258F162B2029D9B9001824FB /* LaunchScreen.storyboard */ = {
			isa = PBXVariantGroup;
			children = (
				258F162C2029D9B9001824FB /* Base */,
			);
			name = LaunchScreen.storyboard;
			sourceTree = "<group>";
		};
/* End PBXVariantGroup section */

/* Begin XCBuildConfiguration section */
		258F163A2029D9B9001824FB /* Debug */ = {
			isa = XCBuildConfiguration;
			buildSettings = {
				ALWAYS_SEARCH_USER_PATHS = NO;
				CLANG_ANALYZER_NONNULL = YES;
				CLANG_ANALYZER_NUMBER_OBJECT_CONVERSION = YES_AGGRESSIVE;
				CLANG_CXX_LANGUAGE_STANDARD = "gnu++14";
				CLANG_CXX_LIBRARY = "libc++";
				CLANG_ENABLE_MODULES = YES;
				CLANG_ENABLE_OBJC_ARC = YES;
				CLANG_WARN_BLOCK_CAPTURE_AUTORELEASING = YES;
				CLANG_WARN_BOOL_CONVERSION = YES;
				CLANG_WARN_COMMA = YES;
				CLANG_WARN_CONSTANT_CONVERSION = YES;
				CLANG_WARN_DIRECT_OBJC_ISA_USAGE = YES_ERROR;
				CLANG_WARN_DOCUMENTATION_COMMENTS = YES;
				CLANG_WARN_EMPTY_BODY = YES;
				CLANG_WARN_ENUM_CONVERSION = YES;
				CLANG_WARN_INFINITE_RECURSION = YES;
				CLANG_WARN_INT_CONVERSION = YES;
				CLANG_WARN_NON_LITERAL_NULL_CONVERSION = YES;
				CLANG_WARN_OBJC_LITERAL_CONVERSION = YES;
				CLANG_WARN_OBJC_ROOT_CLASS = YES_ERROR;
				CLANG_WARN_RANGE_LOOP_ANALYSIS = YES;
				CLANG_WARN_STRICT_PROTOTYPES = YES;
				CLANG_WARN_SUSPICIOUS_MOVE = YES;
				CLANG_WARN_UNGUARDED_AVAILABILITY = YES_AGGRESSIVE;
				CLANG_WARN_UNREACHABLE_CODE = YES;
				CLANG_WARN__DUPLICATE_METHOD_MATCH = YES;
				CODE_SIGN_IDENTITY = "iPhone Developer";
				COPY_PHASE_STRIP = NO;
				DEBUG_INFORMATION_FORMAT = dwarf;
				ENABLE_STRICT_OBJC_MSGSEND = YES;
				ENABLE_TESTABILITY = YES;
				GCC_C_LANGUAGE_STANDARD = gnu11;
				GCC_DYNAMIC_NO_PIC = NO;
				GCC_NO_COMMON_BLOCKS = YES;
				GCC_OPTIMIZATION_LEVEL = 0;
				GCC_PREPROCESSOR_DEFINITIONS = (
					"DEBUG=1",
					"$(inherited)",
				);
				GCC_WARN_64_TO_32_BIT_CONVERSION = YES;
				GCC_WARN_ABOUT_RETURN_TYPE = YES_ERROR;
				GCC_WARN_UNDECLARED_SELECTOR = YES;
				GCC_WARN_UNINITIALIZED_AUTOS = YES_AGGRESSIVE;
				GCC_WARN_UNUSED_FUNCTION = YES;
				GCC_WARN_UNUSED_VARIABLE = YES;
				IPHONEOS_DEPLOYMENT_TARGET = 11.2;
				MTL_ENABLE_DEBUG_INFO = YES;
				ONLY_ACTIVE_ARCH = YES;
				SDKROOT = iphoneos;
				SWIFT_ACTIVE_COMPILATION_CONDITIONS = DEBUG;
				SWIFT_OPTIMIZATION_LEVEL = "-Onone";
			};
			name = Debug;
		};
		258F163B2029D9B9001824FB /* Release */ = {
			isa = XCBuildConfiguration;
			buildSettings = {
				ALWAYS_SEARCH_USER_PATHS = NO;
				CLANG_ANALYZER_NONNULL = YES;
				CLANG_ANALYZER_NUMBER_OBJECT_CONVERSION = YES_AGGRESSIVE;
				CLANG_CXX_LANGUAGE_STANDARD = "gnu++14";
				CLANG_CXX_LIBRARY = "libc++";
				CLANG_ENABLE_MODULES = YES;
				CLANG_ENABLE_OBJC_ARC = YES;
				CLANG_WARN_BLOCK_CAPTURE_AUTORELEASING = YES;
				CLANG_WARN_BOOL_CONVERSION = YES;
				CLANG_WARN_COMMA = YES;
				CLANG_WARN_CONSTANT_CONVERSION = YES;
				CLANG_WARN_DIRECT_OBJC_ISA_USAGE = YES_ERROR;
				CLANG_WARN_DOCUMENTATION_COMMENTS = YES;
				CLANG_WARN_EMPTY_BODY = YES;
				CLANG_WARN_ENUM_CONVERSION = YES;
				CLANG_WARN_INFINITE_RECURSION = YES;
				CLANG_WARN_INT_CONVERSION = YES;
				CLANG_WARN_NON_LITERAL_NULL_CONVERSION = YES;
				CLANG_WARN_OBJC_LITERAL_CONVERSION = YES;
				CLANG_WARN_OBJC_ROOT_CLASS = YES_ERROR;
				CLANG_WARN_RANGE_LOOP_ANALYSIS = YES;
				CLANG_WARN_STRICT_PROTOTYPES = YES;
				CLANG_WARN_SUSPICIOUS_MOVE = YES;
				CLANG_WARN_UNGUARDED_AVAILABILITY = YES_AGGRESSIVE;
				CLANG_WARN_UNREACHABLE_CODE = YES;
				CLANG_WARN__DUPLICATE_METHOD_MATCH = YES;
				CODE_SIGN_IDENTITY = "iPhone Developer";
				COPY_PHASE_STRIP = NO;
				DEBUG_INFORMATION_FORMAT = "dwarf-with-dsym";
				ENABLE_NS_ASSERTIONS = NO;
				ENABLE_STRICT_OBJC_MSGSEND = YES;
				GCC_C_LANGUAGE_STANDARD = gnu11;
				GCC_NO_COMMON_BLOCKS = YES;
				GCC_WARN_64_TO_32_BIT_CONVERSION = YES;
				GCC_WARN_ABOUT_RETURN_TYPE = YES_ERROR;
				GCC_WARN_UNDECLARED_SELECTOR = YES;
				GCC_WARN_UNINITIALIZED_AUTOS = YES_AGGRESSIVE;
				GCC_WARN_UNUSED_FUNCTION = YES;
				GCC_WARN_UNUSED_VARIABLE = YES;
				IPHONEOS_DEPLOYMENT_TARGET = 11.2;
				MTL_ENABLE_DEBUG_INFO = NO;
				SDKROOT = iphoneos;
				SWIFT_OPTIMIZATION_LEVEL = "-Owholemodule";
				VALIDATE_PRODUCT = YES;
			};
			name = Release;
		};
		258F163D2029D9B9001824FB /* Debug */ = {
			isa = XCBuildConfiguration;
			buildSettings = {
				ASSETCATALOG_COMPILER_APPICON_NAME = AppIcon;
				CODE_SIGN_STYLE = Automatic;
				DEVELOPMENT_TEAM = B49P7Y77SE;
				INFOPLIST_FILE = SocialApp/Info.plist;
				LD_RUNPATH_SEARCH_PATHS = "$(inherited) @executable_path/Frameworks";
				PRODUCT_BUNDLE_IDENTIFIER = pl.bartekpawelczyk.SocialApp;
				PRODUCT_NAME = "$(TARGET_NAME)";
				SWIFT_VERSION = 4.0;
				TARGETED_DEVICE_FAMILY = "1,2";
			};
			name = Debug;
		};
		258F163E2029D9B9001824FB /* Release */ = {
			isa = XCBuildConfiguration;
			buildSettings = {
				ASSETCATALOG_COMPILER_APPICON_NAME = AppIcon;
				CODE_SIGN_STYLE = Automatic;
				DEVELOPMENT_TEAM = B49P7Y77SE;
				INFOPLIST_FILE = SocialApp/Info.plist;
				LD_RUNPATH_SEARCH_PATHS = "$(inherited) @executable_path/Frameworks";
				PRODUCT_BUNDLE_IDENTIFIER = pl.bartekpawelczyk.SocialApp;
				PRODUCT_NAME = "$(TARGET_NAME)";
				SWIFT_VERSION = 4.0;
				TARGETED_DEVICE_FAMILY = "1,2";
			};
			name = Release;
		};
		258F16402029D9B9001824FB /* Debug */ = {
			isa = XCBuildConfiguration;
			buildSettings = {
				ALWAYS_EMBED_SWIFT_STANDARD_LIBRARIES = YES;
				BUNDLE_LOADER = "$(TEST_HOST)";
				CODE_SIGN_STYLE = Automatic;
				DEVELOPMENT_TEAM = B49P7Y77SE;
				INFOPLIST_FILE = SocialAppTests/Info.plist;
				LD_RUNPATH_SEARCH_PATHS = "$(inherited) @executable_path/Frameworks @loader_path/Frameworks";
				PRODUCT_BUNDLE_IDENTIFIER = pl.bartekpawelczyk.SocialAppTests;
				PRODUCT_NAME = "$(TARGET_NAME)";
				SWIFT_VERSION = 4.0;
				TARGETED_DEVICE_FAMILY = "1,2";
				TEST_HOST = "$(BUILT_PRODUCTS_DIR)/SocialApp.app/SocialApp";
			};
			name = Debug;
		};
		258F16412029D9B9001824FB /* Release */ = {
			isa = XCBuildConfiguration;
			buildSettings = {
				ALWAYS_EMBED_SWIFT_STANDARD_LIBRARIES = YES;
				BUNDLE_LOADER = "$(TEST_HOST)";
				CODE_SIGN_STYLE = Automatic;
				DEVELOPMENT_TEAM = B49P7Y77SE;
				INFOPLIST_FILE = SocialAppTests/Info.plist;
				LD_RUNPATH_SEARCH_PATHS = "$(inherited) @executable_path/Frameworks @loader_path/Frameworks";
				PRODUCT_BUNDLE_IDENTIFIER = pl.bartekpawelczyk.SocialAppTests;
				PRODUCT_NAME = "$(TARGET_NAME)";
				SWIFT_VERSION = 4.0;
				TARGETED_DEVICE_FAMILY = "1,2";
				TEST_HOST = "$(BUILT_PRODUCTS_DIR)/SocialApp.app/SocialApp";
			};
			name = Release;
		};
/* End XCBuildConfiguration section */

/* Begin XCConfigurationList section */
		258F161A2029D9B9001824FB /* Build configuration list for PBXProject "SocialApp" */ = {
			isa = XCConfigurationList;
			buildConfigurations = (
				258F163A2029D9B9001824FB /* Debug */,
				258F163B2029D9B9001824FB /* Release */,
			);
			defaultConfigurationIsVisible = 0;
			defaultConfigurationName = Release;
		};
		258F163C2029D9B9001824FB /* Build configuration list for PBXNativeTarget "SocialApp" */ = {
			isa = XCConfigurationList;
			buildConfigurations = (
				258F163D2029D9B9001824FB /* Debug */,
				258F163E2029D9B9001824FB /* Release */,
			);
			defaultConfigurationIsVisible = 0;
			defaultConfigurationName = Release;
		};
		258F163F2029D9B9001824FB /* Build configuration list for PBXNativeTarget "SocialAppTests" */ = {
			isa = XCConfigurationList;
			buildConfigurations = (
				258F16402029D9B9001824FB /* Debug */,
				258F16412029D9B9001824FB /* Release */,
			);
			defaultConfigurationIsVisible = 0;
			defaultConfigurationName = Release;
		};
/* End XCConfigurationList section */
	};
	rootObject = 258F16172029D9B9001824FB /* Project object */;
}
